// !$*UTF8*$!
{
	archiveVersion = 1;
	classes = {
	};
	objectVersion = 46;
	objects = {

/* Begin PBXBuildFile section */
		18215D961E95029100756139 /* UIBookingTypeIconView.h in Headers */ = {isa = PBXBuildFile; fileRef = 18215D941E95029100756139 /* UIBookingTypeIconView.h */; settings = {ATTRIBUTES = (Public, ); }; };
		18215D9F1E9502C800756139 /* Assets.xcassets in Resources */ = {isa = PBXBuildFile; fileRef = 18215D9C1E9502C800756139 /* Assets.xcassets */; };
		18215DA01E9502C800756139 /* UIBookingTypeIconView.swift in Sources */ = {isa = PBXBuildFile; fileRef = 18215D9D1E9502C800756139 /* UIBookingTypeIconView.swift */; };
		18215DA11E9502C800756139 /* UIBookingTypeIconView.xib in Resources */ = {isa = PBXBuildFile; fileRef = 18215D9E1E9502C800756139 /* UIBookingTypeIconView.xib */; };
		52A8B7F2C832731A17BAB090 /* Pods_UIBookingTypeIconView.framework in Frameworks */ = {isa = PBXBuildFile; fileRef = FCEE6D28608E04EC1A11398D /* Pods_UIBookingTypeIconView.framework */; };
/* End PBXBuildFile section */

/* Begin PBXFileReference section */
		180163756531EC60298A9CD2 /* Pods-UIBookingTypeIconView.release.xcconfig */ = {isa = PBXFileReference; includeInIndex = 1; lastKnownFileType = text.xcconfig; name = "Pods-UIBookingTypeIconView.release.xcconfig"; path = "Pods/Target Support Files/Pods-UIBookingTypeIconView/Pods-UIBookingTypeIconView.release.xcconfig"; sourceTree = "<group>"; };
		18215D911E95029100756139 /* UIBookingTypeIconView.framework */ = {isa = PBXFileReference; explicitFileType = wrapper.framework; includeInIndex = 0; path = UIBookingTypeIconView.framework; sourceTree = BUILT_PRODUCTS_DIR; };
		18215D941E95029100756139 /* UIBookingTypeIconView.h */ = {isa = PBXFileReference; lastKnownFileType = sourcecode.c.h; path = UIBookingTypeIconView.h; sourceTree = "<group>"; };
		18215D951E95029100756139 /* Info.plist */ = {isa = PBXFileReference; lastKnownFileType = text.plist.xml; path = Info.plist; sourceTree = "<group>"; };
		18215D9C1E9502C800756139 /* Assets.xcassets */ = {isa = PBXFileReference; lastKnownFileType = folder.assetcatalog; path = Assets.xcassets; sourceTree = "<group>"; };
		18215D9D1E9502C800756139 /* UIBookingTypeIconView.swift */ = {isa = PBXFileReference; fileEncoding = 4; lastKnownFileType = sourcecode.swift; path = UIBookingTypeIconView.swift; sourceTree = "<group>"; };
		18215D9E1E9502C800756139 /* UIBookingTypeIconView.xib */ = {isa = PBXFileReference; fileEncoding = 4; lastKnownFileType = file.xib; path = UIBookingTypeIconView.xib; sourceTree = "<group>"; };
		68BA0121A94EF25489991515 /* Pods-UIBookingTypeIconView.debug.xcconfig */ = {isa = PBXFileReference; includeInIndex = 1; lastKnownFileType = text.xcconfig; name = "Pods-UIBookingTypeIconView.debug.xcconfig"; path = "Pods/Target Support Files/Pods-UIBookingTypeIconView/Pods-UIBookingTypeIconView.debug.xcconfig"; sourceTree = "<group>"; };
		FCEE6D28608E04EC1A11398D /* Pods_UIBookingTypeIconView.framework */ = {isa = PBXFileReference; explicitFileType = wrapper.framework; includeInIndex = 0; path = Pods_UIBookingTypeIconView.framework; sourceTree = BUILT_PRODUCTS_DIR; };
/* End PBXFileReference section */

/* Begin PBXFrameworksBuildPhase section */
		18215D8D1E95029100756139 /* Frameworks */ = {
			isa = PBXFrameworksBuildPhase;
			buildActionMask = 2147483647;
			files = (
				52A8B7F2C832731A17BAB090 /* Pods_UIBookingTypeIconView.framework in Frameworks */,
			);
			runOnlyForDeploymentPostprocessing = 0;
		};
/* End PBXFrameworksBuildPhase section */

/* Begin PBXGroup section */
		18215D871E95029100756139 = {
			isa = PBXGroup;
			children = (
				18215D931E95029100756139 /* UIBookingTypeIconView */,
				18215D921E95029100756139 /* Products */,
				860B577293A854EAAB073421 /* Pods */,
				505BA58BBD73034EF04AB941 /* Frameworks */,
			);
			sourceTree = "<group>";
		};
		18215D921E95029100756139 /* Products */ = {
			isa = PBXGroup;
			children = (
				18215D911E95029100756139 /* UIBookingTypeIconView.framework */,
			);
			name = Products;
			sourceTree = "<group>";
		};
		18215D931E95029100756139 /* UIBookingTypeIconView */ = {
			isa = PBXGroup;
			children = (
				18215D9C1E9502C800756139 /* Assets.xcassets */,
				18215D9D1E9502C800756139 /* UIBookingTypeIconView.swift */,
				18215D9E1E9502C800756139 /* UIBookingTypeIconView.xib */,
				18215D941E95029100756139 /* UIBookingTypeIconView.h */,
				18215D951E95029100756139 /* Info.plist */,
			);
			path = UIBookingTypeIconView;
			sourceTree = "<group>";
		};
		505BA58BBD73034EF04AB941 /* Frameworks */ = {
			isa = PBXGroup;
			children = (
				FCEE6D28608E04EC1A11398D /* Pods_UIBookingTypeIconView.framework */,
			);
			name = Frameworks;
			sourceTree = "<group>";
		};
		860B577293A854EAAB073421 /* Pods */ = {
			isa = PBXGroup;
			children = (
				68BA0121A94EF25489991515 /* Pods-UIBookingTypeIconView.debug.xcconfig */,
				180163756531EC60298A9CD2 /* Pods-UIBookingTypeIconView.release.xcconfig */,
			);
			name = Pods;
			sourceTree = "<group>";
		};
/* End PBXGroup section */

/* Begin PBXHeadersBuildPhase section */
		18215D8E1E95029100756139 /* Headers */ = {
			isa = PBXHeadersBuildPhase;
			buildActionMask = 2147483647;
			files = (
				18215D961E95029100756139 /* UIBookingTypeIconView.h in Headers */,
			);
			runOnlyForDeploymentPostprocessing = 0;
		};
/* End PBXHeadersBuildPhase section */

/* Begin PBXNativeTarget section */
		18215D901E95029100756139 /* UIBookingTypeIconView */ = {
			isa = PBXNativeTarget;
			buildConfigurationList = 18215D991E95029100756139 /* Build configuration list for PBXNativeTarget "UIBookingTypeIconView" */;
			buildPhases = (
				B18A37D5944F606286D409F9 /* [CP] Check Pods Manifest.lock */,
				18215D8C1E95029100756139 /* Sources */,
				18215D8D1E95029100756139 /* Frameworks */,
				18215D8E1E95029100756139 /* Headers */,
				18215D8F1E95029100756139 /* Resources */,
				E80CCA26EF05DF44B1B88AF5 /* [CP] Copy Pods Resources */,
			);
			buildRules = (
			);
			dependencies = (
			);
			name = UIBookingTypeIconView;
			productName = UIBookingTypeIconView;
			productReference = 18215D911E95029100756139 /* UIBookingTypeIconView.framework */;
			productType = "com.apple.product-type.framework";
		};
/* End PBXNativeTarget section */

/* Begin PBXProject section */
		18215D881E95029100756139 /* Project object */ = {
			isa = PBXProject;
			attributes = {
				LastUpgradeCheck = 0820;
				ORGANIZATIONNAME = Apple;
				TargetAttributes = {
					18215D901E95029100756139 = {
						CreatedOnToolsVersion = 8.2.1;
						DevelopmentTeam = 5GN5JBZ585;
						LastSwiftMigration = 0820;
						ProvisioningStyle = Automatic;
					};
				};
			};
			buildConfigurationList = 18215D8B1E95029100756139 /* Build configuration list for PBXProject "UIBookingTypeIconView" */;
			compatibilityVersion = "Xcode 3.2";
			developmentRegion = English;
			hasScannedForEncodings = 0;
			knownRegions = (
				en,
			);
			mainGroup = 18215D871E95029100756139;
			productRefGroup = 18215D921E95029100756139 /* Products */;
			projectDirPath = "";
			projectRoot = "";
			targets = (
				18215D901E95029100756139 /* UIBookingTypeIconView */,
			);
		};
/* End PBXProject section */

/* Begin PBXResourcesBuildPhase section */
		18215D8F1E95029100756139 /* Resources */ = {
			isa = PBXResourcesBuildPhase;
			buildActionMask = 2147483647;
			files = (
				18215D9F1E9502C800756139 /* Assets.xcassets in Resources */,
				18215DA11E9502C800756139 /* UIBookingTypeIconView.xib in Resources */,
			);
			runOnlyForDeploymentPostprocessing = 0;
		};
/* End PBXResourcesBuildPhase section */

/* Begin PBXShellScriptBuildPhase section */
		B18A37D5944F606286D409F9 /* [CP] Check Pods Manifest.lock */ = {
			isa = PBXShellScriptBuildPhase;
			buildActionMask = 2147483647;
			files = (
			);
			inputPaths = (
			);
			name = "[CP] Check Pods Manifest.lock";
			outputPaths = (
			);
			runOnlyForDeploymentPostprocessing = 0;
			shellPath = /bin/sh;
			shellScript = "diff \"${PODS_ROOT}/../Podfile.lock\" \"${PODS_ROOT}/Manifest.lock\" > /dev/null\nif [[ $? != 0 ]] ; then\n    cat << EOM\nerror: The sandbox is not in sync with the Podfile.lock. Run 'pod install' or update your CocoaPods installation.\nEOM\n    exit 1\nfi\n";
			showEnvVarsInLog = 0;
		};
		E80CCA26EF05DF44B1B88AF5 /* [CP] Copy Pods Resources */ = {
			isa = PBXShellScriptBuildPhase;
			buildActionMask = 2147483647;
			files = (
			);
			inputPaths = (
			);
			name = "[CP] Copy Pods Resources";
			outputPaths = (
			);
			runOnlyForDeploymentPostprocessing = 0;
			shellPath = /bin/sh;
			shellScript = "\"${SRCROOT}/Pods/Target Support Files/Pods-UIBookingTypeIconView/Pods-UIBookingTypeIconView-resources.sh\"\n";
			showEnvVarsInLog = 0;
		};
/* End PBXShellScriptBuildPhase section */

/* Begin PBXSourcesBuildPhase section */
		18215D8C1E95029100756139 /* Sources */ = {
			isa = PBXSourcesBuildPhase;
			buildActionMask = 2147483647;
			files = (
				18215DA01E9502C800756139 /* UIBookingTypeIconView.swift in Sources */,
			);
			runOnlyForDeploymentPostprocessing = 0;
		};
/* End PBXSourcesBuildPhase section */

/* Begin XCBuildConfiguration section */
		18215D971E95029100756139 /* Debug */ = {
			isa = XCBuildConfiguration;
			buildSettings = {
				ALWAYS_SEARCH_USER_PATHS = NO;
				CLANG_ANALYZER_NONNULL = YES;
				CLANG_CXX_LANGUAGE_STANDARD = "gnu++0x";
				CLANG_CXX_LIBRARY = "libc++";
				CLANG_ENABLE_MODULES = YES;
				CLANG_ENABLE_OBJC_ARC = YES;
				CLANG_WARN_BOOL_CONVERSION = YES;
				CLANG_WARN_CONSTANT_CONVERSION = YES;
				CLANG_WARN_DIRECT_OBJC_ISA_USAGE = YES_ERROR;
				CLANG_WARN_DOCUMENTATION_COMMENTS = YES;
				CLANG_WARN_EMPTY_BODY = YES;
				CLANG_WARN_ENUM_CONVERSION = YES;
				CLANG_WARN_INFINITE_RECURSION = YES;
				CLANG_WARN_INT_CONVERSION = YES;
				CLANG_WARN_OBJC_ROOT_CLASS = YES_ERROR;
				CLANG_WARN_SUSPICIOUS_MOVE = YES;
				CLANG_WARN_UNREACHABLE_CODE = YES;
				CLANG_WARN__DUPLICATE_METHOD_MATCH = YES;
				"CODE_SIGN_IDENTITY[sdk=iphoneos*]" = "iPhone Developer";
				COPY_PHASE_STRIP = NO;
				CURRENT_PROJECT_VERSION = 1;
				DEBUG_INFORMATION_FORMAT = dwarf;
				ENABLE_STRICT_OBJC_MSGSEND = YES;
				ENABLE_TESTABILITY = YES;
				GCC_C_LANGUAGE_STANDARD = gnu99;
				GCC_DYNAMIC_NO_PIC = NO;
				GCC_NO_COMMON_BLOCKS = YES;
				GCC_OPTIMIZATION_LEVEL = 0;
				GCC_PREPROCESSOR_DEFINITIONS = (
					"DEBUG=1",
					"$(inherited)",
				);
				GCC_WARN_64_TO_32_BIT_CONVERSION = YES;
				GCC_WARN_ABOUT_RETURN_TYPE = YES_ERROR;
				GCC_WARN_UNDECLARED_SELECTOR = YES;
				GCC_WARN_UNINITIALIZED_AUTOS = YES_AGGRESSIVE;
				GCC_WARN_UNUSED_FUNCTION = YES;
				GCC_WARN_UNUSED_VARIABLE = YES;
				IPHONEOS_DEPLOYMENT_TARGET = 10.2;
				MTL_ENABLE_DEBUG_INFO = YES;
				ONLY_ACTIVE_ARCH = YES;
				SDKROOT = iphoneos;
				SWIFT_ACTIVE_COMPILATION_CONDITIONS = DEBUG;
				SWIFT_OPTIMIZATION_LEVEL = "-Onone";
				TARGETED_DEVICE_FAMILY = "1,2";
				VERSIONING_SYSTEM = "apple-generic";
				VERSION_INFO_PREFIX = "";
			};
			name = Debug;
		};
		18215D981E95029100756139 /* Release */ = {
			isa = XCBuildConfiguration;
			buildSettings = {
				ALWAYS_SEARCH_USER_PATHS = NO;
				CLANG_ANALYZER_NONNULL = YES;
				CLANG_CXX_LANGUAGE_STANDARD = "gnu++0x";
				CLANG_CXX_LIBRARY = "libc++";
				CLANG_ENABLE_MODULES = YES;
				CLANG_ENABLE_OBJC_ARC = YES;
				CLANG_WARN_BOOL_CONVERSION = YES;
				CLANG_WARN_CONSTANT_CONVERSION = YES;
				CLANG_WARN_DIRECT_OBJC_ISA_USAGE = YES_ERROR;
				CLANG_WARN_DOCUMENTATION_COMMENTS = YES;
				CLANG_WARN_EMPTY_BODY = YES;
				CLANG_WARN_ENUM_CONVERSION = YES;
				CLANG_WARN_INFINITE_RECURSION = YES;
				CLANG_WARN_INT_CONVERSION = YES;
				CLANG_WARN_OBJC_ROOT_CLASS = YES_ERROR;
				CLANG_WARN_SUSPICIOUS_MOVE = YES;
				CLANG_WARN_UNREACHABLE_CODE = YES;
				CLANG_WARN__DUPLICATE_METHOD_MATCH = YES;
				"CODE_SIGN_IDENTITY[sdk=iphoneos*]" = "iPhone Developer";
				COPY_PHASE_STRIP = NO;
				CURRENT_PROJECT_VERSION = 1;
				DEBUG_INFORMATION_FORMAT = "dwarf-with-dsym";
				ENABLE_NS_ASSERTIONS = NO;
				ENABLE_STRICT_OBJC_MSGSEND = YES;
				GCC_C_LANGUAGE_STANDARD = gnu99;
				GCC_NO_COMMON_BLOCKS = YES;
				GCC_WARN_64_TO_32_BIT_CONVERSION = YES;
				GCC_WARN_ABOUT_RETURN_TYPE = YES_ERROR;
				GCC_WARN_UNDECLARED_SELECTOR = YES;
				GCC_WARN_UNINITIALIZED_AUTOS = YES_AGGRESSIVE;
				GCC_WARN_UNUSED_FUNCTION = YES;
				GCC_WARN_UNUSED_VARIABLE = YES;
				IPHONEOS_DEPLOYMENT_TARGET = 10.2;
				MTL_ENABLE_DEBUG_INFO = NO;
				SDKROOT = iphoneos;
				SWIFT_OPTIMIZATION_LEVEL = "-Owholemodule";
				TARGETED_DEVICE_FAMILY = "1,2";
				VALIDATE_PRODUCT = YES;
				VERSIONING_SYSTEM = "apple-generic";
				VERSION_INFO_PREFIX = "";
			};
			name = Release;
		};
		18215D9A1E95029100756139 /* Debug */ = {
			isa = XCBuildConfiguration;
			baseConfigurationReference = 68BA0121A94EF25489991515 /* Pods-UIBookingTypeIconView.debug.xcconfig */;
			buildSettings = {
				CLANG_ENABLE_MODULES = YES;
				CODE_SIGN_IDENTITY = "";
				DEFINES_MODULE = YES;
				DEVELOPMENT_TEAM = 5GN5JBZ585;
				DYLIB_COMPATIBILITY_VERSION = 1;
				DYLIB_CURRENT_VERSION = 1;
				DYLIB_INSTALL_NAME_BASE = "@rpath";
				INFOPLIST_FILE = UIBookingTypeIconView/Info.plist;
				INSTALL_PATH = "$(LOCAL_LIBRARY_DIR)/Frameworks";
				LD_RUNPATH_SEARCH_PATHS = "$(inherited) @executable_path/Frameworks @loader_path/Frameworks";
				PRODUCT_BUNDLE_IDENTIFIER = vss.UIBookingTypeIconView;
				PRODUCT_NAME = "$(TARGET_NAME)";
				SKIP_INSTALL = YES;
				SWIFT_OPTIMIZATION_LEVEL = "-Onone";
				SWIFT_VERSION = 3.0;
			};
			name = Debug;
		};
		18215D9B1E95029100756139 /* Release */ = {
			isa = XCBuildConfiguration;
			baseConfigurationReference = 180163756531EC60298A9CD2 /* Pods-UIBookingTypeIconView.release.xcconfig */;
			buildSettings = {
				CLANG_ENABLE_MODULES = YES;
				CODE_SIGN_IDENTITY = "";
				DEFINES_MODULE = YES;
				DEVELOPMENT_TEAM = 5GN5JBZ585;
				DYLIB_COMPATIBILITY_VERSION = 1;
				DYLIB_CURRENT_VERSION = 1;
				DYLIB_INSTALL_NAME_BASE = "@rpath";
				INFOPLIST_FILE = UIBookingTypeIconView/Info.plist;
				INSTALL_PATH = "$(LOCAL_LIBRARY_DIR)/Frameworks";
				LD_RUNPATH_SEARCH_PATHS = "$(inherited) @executable_path/Frameworks @loader_path/Frameworks";
				PRODUCT_BUNDLE_IDENTIFIER = vss.UIBookingTypeIconView;
				PRODUCT_NAME = "$(TARGET_NAME)";
				SKIP_INSTALL = YES;
				SWIFT_VERSION = 3.0;
			};
			name = Release;
		};
/* End XCBuildConfiguration section */

/* Begin XCConfigurationList section */
		18215D8B1E95029100756139 /* Build configuration list for PBXProject "UIBookingTypeIconView" */ = {
			isa = XCConfigurationList;
			buildConfigurations = (
				18215D971E95029100756139 /* Debug */,
				18215D981E95029100756139 /* Release */,
			);
			defaultConfigurationIsVisible = 0;
			defaultConfigurationName = Release;
		};
		18215D991E95029100756139 /* Build configuration list for PBXNativeTarget "UIBookingTypeIconView" */ = {
			isa = XCConfigurationList;
			buildConfigurations = (
				18215D9A1E95029100756139 /* Debug */,
				18215D9B1E95029100756139 /* Release */,
			);
			defaultConfigurationIsVisible = 0;
			defaultConfigurationName = Release;
		};
/* End XCConfigurationList section */
	};
	rootObject = 18215D881E95029100756139 /* Project object */;
}
